# THIS IS AN AUTOGENERATED FILE. DO NOT EDIT THIS FILE DIRECTLY.
# yarn lockfile v1


"@cfworker/json-schema@^4.0.2":
  version "4.1.1"
  resolved "https://registry.npmmirror.com/@cfworker/json-schema/-/json-schema-4.1.1.tgz#4a2a3947ee9fa7b7c24be981422831b8674c3be6"
  integrity sha512-gAmrUZSGtKc3AiBL71iNWxDsyUC5uMaKKGdvzYsBoTW/xi42JQHl7eKV2OYzCUqvc+D2RCcf7EXY2iCyFIk6og==

"@langchain/core@^1.1.39":
  version "1.1.39"
  resolved "https://registry.npmmirror.com/@langchain/core/-/core-1.1.39.tgz#c84dec834a61c4efb328227548a91b2464ad6091"
  integrity sha512-DP9c7TREy6iA7HnywstmUAsNyJNYTFpRg2yBfQ+6H0l1HnvQzei9GsQ36GeOLxgRaD3vm9K8urCcawSC7yQpCw==
  dependencies:
    "@cfworker/json-schema" "^4.0.2"
    "@standard-schema/spec" "^1.1.0"
    ansi-styles "^5.0.0"
    camelcase "6"
    decamelize "1.2.0"
    js-tiktoken "^1.0.12"
    langsmith ">=0.5.0 <1.0.0"
    mustache "^4.2.0"
    p-queue "^6.6.2"
    uuid "^11.1.0"
    zod "^3.25.76 || ^4"

"@langchain/openai@^1.4.3":
  version "1.4.3"
  resolved "https://registry.npmmirror.com/@langchain/openai/-/openai-1.4.3.tgz#ad8e0e3b1eb1dc022312bceb740bca15c077fca4"
  integrity sha512-psf/e06nJ9YFXG67VVaKw6dAEeHLSc6wSbB3+sXpe6zEdpvC7+fyiEIxY6HntBkBU/uyqdeSt8Uu5WL+pQD+vg==
  dependencies:
    js-tiktoken "^1.0.12"
    openai "^6.32.0"
    zod "^3.25.76 || ^4"

"@standard-schema/spec@^1.1.0":
  version "1.1.0"
  resolved "https://registry.npmmirror.com/@standard-schema/spec/-/spec-1.1.0.tgz#a79b55dbaf8604812f52d140b2c9ab41bc150bb8"
  integrity sha512-l2aFy5jALhniG5HgqrD6jXLi/rUWrKvqN/qJx6yoJsgKhblVd+iqqU4RCXavm/jPityDo5TCvKMnpjKnOriy0w==

ansi-styles@^5.0.0:
  version "5.2.0"
  resolved "https://registry.npmmirror.com/ansi-styles/-/ansi-styles-5.2.0.tgz#07449690ad45777d1924ac2abb2fc8895dba836b"
  integrity sha512-Cxwpt2SfTzTtXcfOlzGEee8O+c+MmUgGrNiBcXnuWxuFJHe6a5Hz7qwhwe5OgaSYI0IJvkLqWX1ASG+cJOkEiA==

base64-js@^1.5.1:
  version "1.5.1"
  resolved "https://registry.npmmirror.com/base64-js/-/base64-js-1.5.1.tgz#1b1b440160a5bf7ad40b650f095963481903930a"
  integrity sha512-AKpaYlHn8t4SVbOHCy+b5+KKgvR4vrsD8vbvrbiQJps7fKDTkjkDry6ji0rUJjC0kzbNePLwzxq8iypo41qeWA==

camelcase@6:
  version "6.3.0"
  resolved "https://registry.npmmirror.com/camelcase/-/camelcase-6.3.0.tgz#5685b95eb209ac9c0c177467778c9c84df58ba9a"
  integrity sha512-Gmy6FhYlCY7uOElZUSbxo2UCDH8owEk996gkbrpsgGtrJLM3J7jGxl9Ic7Qwwj4ivOE5AWZWRMecDdF7hqGjFA==

chalk@^5.6.2:
  version "5.6.2"
  resolved "https://registry.npmmirror.com/chalk/-/chalk-5.6.2.tgz#b1238b6e23ea337af71c7f8a295db5af0c158aea"
  integrity sha512-7NzBL0rN6fMUW+f7A6Io4h40qQlG+xGmtMxfbnH/K7TAtt8JQWVQK+6g0UXKMeVJoyV5EkkNsErQ8pVD3bLHbA==

decamelize@1.2.0:
  version "1.2.0"
  resolved "https://registry.npmmirror.com/decamelize/-/decamelize-1.2.0.tgz#f6534d15148269b20352e7bee26f501f9a191290"
  integrity sha512-z2S+W9X73hAUUki+N+9Za2lBlun89zigOyGrsax+KUQ6wKW4ZoWpEYBkGhQjwAjjDCkWxhY0VKEhk8wzY7F5cA==

dotenv@^17.4.1:
  version "17.4.1"
  resolved "https://registry.npmmirror.com/dotenv/-/dotenv-17.4.1.tgz#d8e2179fe287365ef3aecb9459668454168eda88"
  integrity sha512-k8DaKGP6r1G30Lx8V4+pCsLzKr8vLmV2paqEj1Y55GdAgJuIqpRp5FfajGF8KtwMxCz9qJc6wUIJnm053d/WCw==

eventemitter3@^4.0.4:
  version "4.0.7"
  resolved "https://registry.npmmirror.com/eventemitter3/-/eventemitter3-4.0.7.tgz#2de9b68f6528d5644ef5c59526a1b4a07306169f"
  integrity sha512-8guHBZCwKnFhYdHr2ysuRWErTwhoN2X8XELRlrRwpmfeY2jjuUN4taQMsULKUVo1K4DvZl+0pgfyoysHxvmvEw==

js-tiktoken@^1.0.12:
  version "1.0.21"
  resolved "https://registry.npmmirror.com/js-tiktoken/-/js-tiktoken-1.0.21.tgz#368a9957591a30a62997dd0c4cf30866f00f8221"
  integrity sha512-biOj/6M5qdgx5TKjDnFT1ymSpM5tbd3ylwDtrQvFQSu0Z7bBYko2dF+W/aUkXUPuk6IVpRxk/3Q2sHOzGlS36g==
  dependencies:
    base64-js "^1.5.1"

"langsmith@>=0.5.0 <1.0.0":
  version "0.5.18"
  resolved "https://registry.npmmirror.com/langsmith/-/langsmith-0.5.18.tgz#c691ad23614f0b46eaf07d982e0ac988e1f43880"
  integrity sha512-3zuZUWffTHQ+73EAwnodADtf534VNEZUpXr9jC12qyG8/IQuJET7PRsCpTb9wX2lmBspakwLUpqpj3tNm/0bVA==
  dependencies:
    p-queue "6.6.2"
    uuid "10.0.0"

mustache@^4.2.0:
  version "4.2.0"
  resolved "https://registry.npmmirror.com/mustache/-/mustache-4.2.0.tgz#e5892324d60a12ec9c2a73359edca52972bf6f64"
  integrity sha512-71ippSywq5Yb7/tVYyGbkBggbU8H3u5Rz56fH60jGFgr8uHwxs+aSKeqmluIVzM0m0kB7xQjKS6qPfd0b2ZoqQ==

openai@^6.32.0:
  version "6.34.0"
  resolved "https://registry.npmmirror.com/openai/-/openai-6.34.0.tgz#93483a1044e2dcd62891bba580772b9cb792395d"
  integrity sha512-yEr2jdGf4tVFYG6ohmr3pF6VJuveP0EA/sS8TBx+4Eq5NT10alu5zg2dmxMXMgqpihRDQlFGpRt2XwsGj+Fyxw==

p-finally@^1.0.0:
  version "1.0.0"
  resolved "https://registry.npmmirror.com/p-finally/-/p-finally-1.0.0.tgz#3fbcfb15b899a44123b34b6dcc18b724336a2cae"
  integrity sha512-LICb2p9CB7FS+0eR1oqWnHhp0FljGLZCWBE9aix0Uye9W8LTQPwMTYVGWQWIw9RdQiDg4+epXQODwIYJtSJaow==

p-queue@6.6.2, p-queue@^6.6.2:
  version "6.6.2"
  resolved "https://registry.npmmirror.com/p-queue/-/p-queue-6.6.2.tgz#2068a9dcf8e67dd0ec3e7a2bcb76810faa85e426"
  integrity sha512-RwFpb72c/BhQLEXIZ5K2e+AhgNVmIejGlTgiB9MzZ0e93GRvqZ7uSi0dvRF7/XIXDeNkra2fNHBxTyPDGySpjQ==
  dependencies:
    eventemitter3 "^4.0.4"
    p-timeout "^3.2.0"

p-timeout@^3.2.0:
  version "3.2.0"
  resolved "https://registry.npmmirror.com/p-timeout/-/p-timeout-3.2.0.tgz#c7e17abc971d2a7962ef83626b35d635acf23dfe"
  integrity sha512-rhIwUycgwwKcP9yTOOFK/AKsAopjjCakVqLHePO3CC6Mir1Z99xT+R63jZxAT5lFZLa2inS5h+ZS2GvR99/FBg==
  dependencies:
    p-finally "^1.0.0"

uuid@10.0.0:
  version "10.0.0"
  resolved "https://registry.npmmirror.com/uuid/-/uuid-10.0.0.tgz#5a95aa454e6e002725c79055fd42aaba30ca6294"
  integrity sha512-8XkAphELsDnEGrDxUOHB3RGvXz6TeuYSGEZBOjtTtPm2lwhGBjLgOzLHB63IUWfBpNucQjND6d3AOudO+H3RWQ==

uuid@^11.1.0:
  version "11.1.0"
  resolved "https://registry.npmmirror.com/uuid/-/uuid-11.1.0.tgz#9549028be1753bb934fc96e2bca09bb4105ae912"
  integrity sha512-0/A9rDy9P7cJ+8w1c9WD9V//9Wj15Ce2MPz8Ri6032usz+NfePxx5AcN3bN+r6ZL6jEo066/yNYB3tn4pQEx+A==

"zod@^3.25.76 || ^4":
  version "4.3.6"
  resolved "https://registry.npmmirror.com/zod/-/zod-4.3.6.tgz#89c56e0aa7d2b05107d894412227087885ab112a"
  integrity sha512-rftlrkhHZOcjDwkGlnUtZZkvaPHCsDATp4pGpuOOMDaTdDDXF91wuVDJoWoPsKX/3YPQ5fHuF3STjcYyKr+Qhg==
